Microsoft Visual Studio Solution File, Format Version 12.00
# Visual Studio Version 17
VisualStudioVersion = 17.5.2.0
MinimumVisualStudioVersion = 10.0.40219.1
Project("{FAE04EC0-301F-11D3-BF4B-00C04F79EFBC}") = "SistemaOficina", "SistemaOficina\SistemaOficina.csproj", "{CA95E65A-0808-90FA-7C7C-6FA7C9600E31}"
EndProject
Global
	GlobalSection(SolutionConfigurationPlatforms) = preSolution
		Debug|Any CPU = Debug|Any CPU
		Release|Any CPU = Release|Any CPU
	EndGlobalSection
	GlobalSection(ProjectConfigurationPlatforms) = postSolution
		{CA95E65A-0808-90FA-7C7C-6FA7C9600E31}.Debug|Any CPU.ActiveCfg = Debug|Any CPU
		{CA95E65A-0808-90FA-7C7C-6FA7C9600E31}.Debug|Any CPU.Build.0 = Debug|Any CPU
		{CA95E65A-0808-90FA-7C7C-6FA7C9600E31}.Release|Any CPU.ActiveCfg = Release|Any CPU
		{CA95E65A-0808-90FA-7C7C-6FA7C9600E31}.Release|Any CPU.Build.0 = Release|Any CPU
	EndGlobalSection
	GlobalSection(SolutionProperties) = preSolution
		HideSolutionNode = FALSE
	EndGlobalSection
	GlobalSection(ExtensibilityGlobals) = postSolution
		SolutionGuid = {53AB9420-F79B-4C39-8F0A-6B874D243E50}
	EndGlobalSection
EndGlobal
